// !$*UTF8*$!
{
	archiveVersion = 1;
	classes = {
	};
	objectVersion = 46;
	objects = {

/* Begin PBXBuildFile section */
		7EBA36971ED419910063B852 /* main.m in Sources */ = {isa = PBXBuildFile; fileRef = 7EBA36961ED419910063B852 /* main.m */; };
		7EBA369A1ED419910063B852 /* AppDelegate.m in Sources */ = {isa = PBXBuildFile; fileRef = 7EBA36991ED419910063B852 /* AppDelegate.m */; };
		7EBA36A21ED419910063B852 /* Assets.xcassets in Resources */ = {isa = PBXBuildFile; fileRef = 7EBA36A11ED419910063B852 /* Assets.xcassets */; };
		7EBA36A51ED419910063B852 /* LaunchScreen.storyboard in Resources */ = {isa = PBXBuildFile; fileRef = 7EBA36A31ED419910063B852 /* LaunchScreen.storyboard */; };
		7EBA36B01ED419910063B852 /* GTLCalendarTests.m in Sources */ = {isa = PBXBuildFile; fileRef = 7EBA36AF1ED419910063B852 /* GTLCalendarTests.m */; };
		7EBA36BB1ED419910063B852 /* GTLCalendarUITests.m in Sources */ = {isa = PBXBuildFile; fileRef = 7EBA36BA1ED419910063B852 /* GTLCalendarUITests.m */; };
		7EBA36CC1ED419CB0063B852 /* ViewController.m in Sources */ = {isa = PBXBuildFile; fileRef = 7EBA36CA1ED419CB0063B852 /* ViewController.m */; };
		7EBA36CD1ED419CB0063B852 /* ViewController.xib in Resources */ = {isa = PBXBuildFile; fileRef = 7EBA36CB1ED419CB0063B852 /* ViewController.xib */; };
		7EBA36D11ED41B570063B852 /* GTLCalendarView.m in Sources */ = {isa = PBXBuildFile; fileRef = 7EBA36D01ED41B570063B852 /* GTLCalendarView.m */; };
		7EBA36DF1ED435670063B852 /* GTLCalendarCollectionViewFlowLayout.m in Sources */ = {isa = PBXBuildFile; fileRef = 7EBA36DE1ED435670063B852 /* GTLCalendarCollectionViewFlowLayout.m */; };
		7ED529941ED539D0009B0D91 /* GTLCalendarCell.m in Sources */ = {isa = PBXBuildFile; fileRef = 7ED529921ED539D0009B0D91 /* GTLCalendarCell.m */; };
		7ED529951ED539D0009B0D91 /* GTLCalendarCell.xib in Resources */ = {isa = PBXBuildFile; fileRef = 7ED529931ED539D0009B0D91 /* GTLCalendarCell.xib */; };
		7ED5299A1ED53CEE009B0D91 /* GTLCalendarHeaderReusableView.m in Sources */ = {isa = PBXBuildFile; fileRef = 7ED529981ED53CEE009B0D91 /* GTLCalendarHeaderReusableView.m */; };
		7ED5299B1ED53CEE009B0D91 /* GTLCalendarHeaderReusableView.xib in Resources */ = {isa = PBXBuildFile; fileRef = 7ED529991ED53CEE009B0D91 /* GTLCalendarHeaderReusableView.xib */; };
		7ED529A21ED596B6009B0D91 /* NSCalendar+GTLCategory.m in Sources */ = {isa = PBXBuildFile; fileRef = 7ED529A11ED596B6009B0D91 /* NSCalendar+GTLCategory.m */; };
		7ED529A61ED74CE9009B0D91 /* GTLGradientView.m in Sources */ = {isa = PBXBuildFile; fileRef = 7ED529A51ED74CE9009B0D91 /* GTLGradientView.m */; };
/* End PBXBuildFile section */

/* Begin PBXContainerItemProxy section */
		7EBA36AC1ED419910063B852 /* PBXContainerItemProxy */ = {
			isa = PBXContainerItemProxy;
			containerPortal = 7EBA368A1ED419910063B852 /* Project object */;
			proxyType = 1;
			remoteGlobalIDString = 7EBA36911ED419910063B852;
			remoteInfo = GTLCalendar;
		};
		7EBA36B71ED419910063B852 /* PBXContainerItemProxy */ = {
			isa = PBXContainerItemProxy;
			containerPortal = 7EBA368A1ED419910063B852 /* Project object */;
			proxyType = 1;
			remoteGlobalIDString = 7EBA36911ED419910063B852;
			remoteInfo = GTLCalendar;
		};
/* End PBXContainerItemProxy section */

/* Begin PBXFileReference section */
		7EBA36921ED419910063B852 /* GTLCalendar.app */ = {isa = PBXFileReference; explicitFileType = wrapper.application; includeInIndex = 0; path = GTLCalendar.app; sourceTree = BUILT_PRODUCTS_DIR; };
		7EBA36961ED419910063B852 /* main.m */ = {isa = PBXFileReference; lastKnownFileType = sourcecode.c.objc; path = main.m; sourceTree = "<group>"; };
		7EBA36981ED419910063B852 /* AppDelegate.h */ = {isa = PBXFileReference; lastKnownFileType = sourcecode.c.h; path = AppDelegate.h; sourceTree = "<group>"; };
		7EBA36991ED419910063B852 /* AppDelegate.m */ = {isa = PBXFileReference; lastKnownFileType = sourcecode.c.objc; path = AppDelegate.m; sourceTree = "<group>"; };
		7EBA36A11ED419910063B852 /* Assets.xcassets */ = {isa = PBXFileReference; lastKnownFileType = folder.assetcatalog; path = Assets.xcassets; sourceTree = "<group>"; };
		7EBA36A41ED419910063B852 /* Base */ = {isa = PBXFileReference; lastKnownFileType = file.storyboard; name = Base; path = Base.lproj/LaunchScreen.storyboard; sourceTree = "<group>"; };
		7EBA36A61ED419910063B852 /* Info.plist */ = {isa = PBXFileReference; lastKnownFileType = text.plist.xml; path = Info.plist; sourceTree = "<group>"; };
		7EBA36AB1ED419910063B852 /* GTLCalendarTests.xctest */ = {isa = PBXFileReference; explicitFileType = wrapper.cfbundle; includeInIndex = 0; path = GTLCalendarTests.xctest; sourceTree = BUILT_PRODUCTS_DIR; };
		7EBA36AF1ED419910063B852 /* GTLCalendarTests.m */ = {isa = PBXFileReference; lastKnownFileType = sourcecode.c.objc; path = GTLCalendarTests.m; sourceTree = "<group>"; };
		7EBA36B11ED419910063B852 /* Info.plist */ = {isa = PBXFileReference; lastKnownFileType = text.plist.xml; path = Info.plist; sourceTree = "<group>"; };
		7EBA36B61ED419910063B852 /* GTLCalendarUITests.xctest */ = {isa = PBXFileReference; explicitFileType = wrapper.cfbundle; includeInIndex = 0; path = GTLCalendarUITests.xctest; sourceTree = BUILT_PRODUCTS_DIR; };
		7EBA36BA1ED419910063B852 /* GTLCalendarUITests.m */ = {isa = PBXFileReference; lastKnownFileType = sourcecode.c.objc; path = GTLCalendarUITests.m; sourceTree = "<group>"; };
		7EBA36BC1ED419910063B852 /* Info.plist */ = {isa = PBXFileReference; lastKnownFileType = text.plist.xml; path = Info.plist; sourceTree = "<group>"; };
		7EBA36C91ED419CB0063B852 /* ViewController.h */ = {isa = PBXFileReference; fileEncoding = 4; lastKnownFileType = sourcecode.c.h; path = ViewController.h; sourceTree = "<group>"; };
		7EBA36CA1ED419CB0063B852 /* ViewController.m */ = {isa = PBXFileReference; fileEncoding = 4; lastKnownFileType = sourcecode.c.objc; path = ViewController.m; sourceTree = "<group>"; };
		7EBA36CB1ED419CB0063B852 /* ViewController.xib */ = {isa = PBXFileReference; fileEncoding = 4; lastKnownFileType = file.xib; path = ViewController.xib; sourceTree = "<group>"; };
		7EBA36CF1ED41B570063B852 /* GTLCalendarView.h */ = {isa = PBXFileReference; fileEncoding = 4; lastKnownFileType = sourcecode.c.h; path = GTLCalendarView.h; sourceTree = "<group>"; };
		7EBA36D01ED41B570063B852 /* GTLCalendarView.m */ = {isa = PBXFileReference; fileEncoding = 4; lastKnownFileType = sourcecode.c.objc; path = GTLCalendarView.m; sourceTree = "<group>"; };
		7EBA36DD1ED435670063B852 /* GTLCalendarCollectionViewFlowLayout.h */ = {isa = PBXFileReference; fileEncoding = 4; lastKnownFileType = sourcecode.c.h; path = GTLCalendarCollectionViewFlowLayout.h; sourceTree = "<group>"; };
		7EBA36DE1ED435670063B852 /* GTLCalendarCollectionViewFlowLayout.m */ = {isa = PBXFileReference; fileEncoding = 4; lastKnownFileType = sourcecode.c.objc; path = GTLCalendarCollectionViewFlowLayout.m; sourceTree = "<group>"; };
		7ED529911ED539D0009B0D91 /* GTLCalendarCell.h */ = {isa = PBXFileReference; fileEncoding = 4; lastKnownFileType = sourcecode.c.h; path = GTLCalendarCell.h; sourceTree = "<group>"; };
		7ED529921ED539D0009B0D91 /* GTLCalendarCell.m */ = {isa = PBXFileReference; fileEncoding = 4; lastKnownFileType = sourcecode.c.objc; path = GTLCalendarCell.m; sourceTree = "<group>"; };
		7ED529931ED539D0009B0D91 /* GTLCalendarCell.xib */ = {isa = PBXFileReference; fileEncoding = 4; lastKnownFileType = file.xib; path = GTLCalendarCell.xib; sourceTree = "<group>"; };
		7ED529971ED53CEE009B0D91 /* GTLCalendarHeaderReusableView.h */ = {isa = PBXFileReference; fileEncoding = 4; lastKnownFileType = sourcecode.c.h; path = GTLCalendarHeaderReusableView.h; sourceTree = "<group>"; };
		7ED529981ED53CEE009B0D91 /* GTLCalendarHeaderReusableView.m */ = {isa = PBXFileReference; fileEncoding = 4; lastKnownFileType = sourcecode.c.objc; path = GTLCalendarHeaderReusableView.m; sourceTree = "<group>"; };
		7ED529991ED53CEE009B0D91 /* GTLCalendarHeaderReusableView.xib */ = {isa = PBXFileReference; fileEncoding = 4; lastKnownFileType = file.xib; path = GTLCalendarHeaderReusableView.xib; sourceTree = "<group>"; };
		7ED529A01ED596B6009B0D91 /* NSCalendar+GTLCategory.h */ = {isa = PBXFileReference; fileEncoding = 4; lastKnownFileType = sourcecode.c.h; path = "NSCalendar+GTLCategory.h"; sourceTree = "<group>"; };
		7ED529A11ED596B6009B0D91 /* NSCalendar+GTLCategory.m */ = {isa = PBXFileReference; fileEncoding = 4; lastKnownFileType = sourcecode.c.objc; path = "NSCalendar+GTLCategory.m"; sourceTree = "<group>"; };
		7ED529A41ED74CE9009B0D91 /* GTLGradientView.h */ = {isa = PBXFileReference; fileEncoding = 4; lastKnownFileType = sourcecode.c.h; path = GTLGradientView.h; sourceTree = "<group>"; };
		7ED529A51ED74CE9009B0D91 /* GTLGradientView.m */ = {isa = PBXFileReference; fileEncoding = 4; lastKnownFileType = sourcecode.c.objc; path = GTLGradientView.m; sourceTree = "<group>"; };
/* End PBXFileReference section */

/* Begin PBXFrameworksBuildPhase section */
		7EBA368F1ED419910063B852 /* Frameworks */ = {
			isa = PBXFrameworksBuildPhase;
			buildActionMask = 2147483647;
			files = (
			);
			runOnlyForDeploymentPostprocessing = 0;
		};
		7EBA36A81ED419910063B852 /* Frameworks */ = {
			isa = PBXFrameworksBuildPhase;
			buildActionMask = 2147483647;
			files = (
			);
			runOnlyForDeploymentPostprocessing = 0;
		};
		7EBA36B31ED419910063B852 /* Frameworks */ = {
			isa = PBXFrameworksBuildPhase;
			buildActionMask = 2147483647;
			files = (
			);
			runOnlyForDeploymentPostprocessing = 0;
		};
/* End PBXFrameworksBuildPhase section */

/* Begin PBXGroup section */
		7EBA36891ED419910063B852 = {
			isa = PBXGroup;
			children = (
				7EBA36941ED419910063B852 /* GTLCalendar */,
				7EBA36AE1ED419910063B852 /* GTLCalendarTests */,
				7EBA36B91ED419910063B852 /* GTLCalendarUITests */,
				7EBA36931ED419910063B852 /* Products */,
			);
			sourceTree = "<group>";
		};
		7EBA36931ED419910063B852 /* Products */ = {
			isa = PBXGroup;
			children = (
				7EBA36921ED419910063B852 /* GTLCalendar.app */,
				7EBA36AB1ED419910063B852 /* GTLCalendarTests.xctest */,
				7EBA36B61ED419910063B852 /* GTLCalendarUITests.xctest */,
			);
			name = Products;
			sourceTree = "<group>";
		};
		7EBA36941ED419910063B852 /* GTLCalendar */ = {
			isa = PBXGroup;
			children = (
				7EBA36CE1ED419F70063B852 /* GTLCalendar */,
				7EBA36981ED419910063B852 /* AppDelegate.h */,
				7EBA36991ED419910063B852 /* AppDelegate.m */,
				7EBA36C81ED419BC0063B852 /* ViewController */,
				7EBA36A11ED419910063B852 /* Assets.xcassets */,
				7EBA36A31ED419910063B852 /* LaunchScreen.storyboard */,
				7EBA36A61ED419910063B852 /* Info.plist */,
				7EBA36951ED419910063B852 /* Supporting Files */,
			);
			path = GTLCalendar;
			sourceTree = "<group>";
		};
		7EBA36951ED419910063B852 /* Supporting Files */ = {
			isa = PBXGroup;
			children = (
				7EBA36961ED419910063B852 /* main.m */,
			);
			name = "Supporting Files";
			sourceTree = "<group>";
		};
		7EBA36AE1ED419910063B852 /* GTLCalendarTests */ = {
			isa = PBXGroup;
			children = (
				7EBA36AF1ED419910063B852 /* GTLCalendarTests.m */,
				7EBA36B11ED419910063B852 /* Info.plist */,
			);
			path = GTLCalendarTests;
			sourceTree = "<group>";
		};
		7EBA36B91ED419910063B852 /* GTLCalendarUITests */ = {
			isa = PBXGroup;
			children = (
				7EBA36BA1ED419910063B852 /* GTLCalendarUITests.m */,
				7EBA36BC1ED419910063B852 /* Info.plist */,
			);
			path = GTLCalendarUITests;
			sourceTree = "<group>";
		};
		7EBA36C81ED419BC0063B852 /* ViewController */ = {
			isa = PBXGroup;
			children = (
				7EBA36C91ED419CB0063B852 /* ViewController.h */,
				7EBA36CA1ED419CB0063B852 /* ViewController.m */,
				7EBA36CB1ED419CB0063B852 /* ViewController.xib */,
			);
			path = ViewController;
			sourceTree = "<group>";
		};
		7EBA36CE1ED419F70063B852 /* GTLCalendar */ = {
			isa = PBXGroup;
			children = (
				7EBA36CF1ED41B570063B852 /* GTLCalendarView.h */,
				7EBA36D01ED41B570063B852 /* GTLCalendarView.m */,
				7ED529A31ED74CD9009B0D91 /* GTLGradientView */,
				7ED5299C1ED59652009B0D91 /* GTLCalendarCategory */,
				7ED529901ED539B3009B0D91 /* GTLCalendarCell */,
				7ED529961ED53CC2009B0D91 /* GTLCalendarHeaderReusableView */,
				7EBA36DC1ED435670063B852 /* GTLCalendarCollectionViewFlowLayout */,
			);
			path = GTLCalendar;
			sourceTree = "<group>";
		};
		7EBA36DC1ED435670063B852 /* GTLCalendarCollectionViewFlowLayout */ = {
			isa = PBXGroup;
			children = (
				7EBA36DD1ED435670063B852 /* GTLCalendarCollectionViewFlowLayout.h */,
				7EBA36DE1ED435670063B852 /* GTLCalendarCollectionViewFlowLayout.m */,
			);
			path = GTLCalendarCollectionViewFlowLayout;
			sourceTree = "<group>";
		};
		7ED529901ED539B3009B0D91 /* GTLCalendarCell */ = {
			isa = PBXGroup;
			children = (
				7ED529911ED539D0009B0D91 /* GTLCalendarCell.h */,
				7ED529921ED539D0009B0D91 /* GTLCalendarCell.m */,
				7ED529931ED539D0009B0D91 /* GTLCalendarCell.xib */,
			);
			path = GTLCalendarCell;
			sourceTree = "<group>";
		};
		7ED529961ED53CC2009B0D91 /* GTLCalendarHeaderReusableView */ = {
			isa = PBXGroup;
			children = (
				7ED529971ED53CEE009B0D91 /* GTLCalendarHeaderReusableView.h */,
				7ED529981ED53CEE009B0D91 /* GTLCalendarHeaderReusableView.m */,
				7ED529991ED53CEE009B0D91 /* GTLCalendarHeaderReusableView.xib */,
			);
			path = GTLCalendarHeaderReusableView;
			sourceTree = "<group>";
		};
		7ED5299C1ED59652009B0D91 /* GTLCalendarCategory */ = {
			isa = PBXGroup;
			children = (
				7ED529A01ED596B6009B0D91 /* NSCalendar+GTLCategory.h */,
				7ED529A11ED596B6009B0D91 /* NSCalendar+GTLCategory.m */,
			);
			path = GTLCalendarCategory;
			sourceTree = "<group>";
		};
		7ED529A31ED74CD9009B0D91 /* GTLGradientView */ = {
			isa = PBXGroup;
			children = (
				7ED529A41ED74CE9009B0D91 /* GTLGradientView.h */,
				7ED529A51ED74CE9009B0D91 /* GTLGradientView.m */,
			);
			path = GTLGradientView;
			sourceTree = "<group>";
		};
/* End PBXGroup section */

/* Begin PBXNativeTarget section */
		7EBA36911ED419910063B852 /* GTLCalendar */ = {
			isa = PBXNativeTarget;
			buildConfigurationList = 7EBA36BF1ED419910063B852 /* Build configuration list for PBXNativeTarget "GTLCalendar" */;
			buildPhases = (
				7EBA368E1ED419910063B852 /* Sources */,
				7EBA368F1ED419910063B852 /* Frameworks */,
				7EBA36901ED419910063B852 /* Resources */,
			);
			buildRules = (
			);
			dependencies = (
			);
			name = GTLCalendar;
			productName = GTLCalendar;
			productReference = 7EBA36921ED419910063B852 /* GTLCalendar.app */;
			productType = "com.apple.product-type.application";
		};
		7EBA36AA1ED419910063B852 /* GTLCalendarTests */ = {
			isa = PBXNativeTarget;
			buildConfigurationList = 7EBA36C21ED419910063B852 /* Build configuration list for PBXNativeTarget "GTLCalendarTests" */;
			buildPhases = (
				7EBA36A71ED419910063B852 /* Sources */,
				7EBA36A81ED419910063B852 /* Frameworks */,
				7EBA36A91ED419910063B852 /* Resources */,
			);
			buildRules = (
			);
			dependencies = (
				7EBA36AD1ED419910063B852 /* PBXTargetDependency */,
			);
			name = GTLCalendarTests;
			productName = GTLCalendarTests;
			productReference = 7EBA36AB1ED419910063B852 /* GTLCalendarTests.xctest */;
			productType = "com.apple.product-type.bundle.unit-test";
		};
		7EBA36B51ED419910063B852 /* GTLCalendarUITests */ = {
			isa = PBXNativeTarget;
			buildConfigurationList = 7EBA36C51ED419910063B852 /* Build configuration list for PBXNativeTarget "GTLCalendarUITests" */;
			buildPhases = (
				7EBA36B21ED419910063B852 /* Sources */,
				7EBA36B31ED419910063B852 /* Frameworks */,
				7EBA36B41ED419910063B852 /* Resources */,
			);
			buildRules = (
			);
			dependencies = (
				7EBA36B81ED419910063B852 /* PBXTargetDependency */,
			);
			name = GTLCalendarUITests;
			productName = GTLCalendarUITests;
			productReference = 7EBA36B61ED419910063B852 /* GTLCalendarUITests.xctest */;
			productType = "com.apple.product-type.bundle.ui-testing";
		};
/* End PBXNativeTarget section */

/* Begin PBXProject section */
		7EBA368A1ED419910063B852 /* Project object */ = {
			isa = PBXProject;
			attributes = {
				LastUpgradeCheck = 0830;
				ORGANIZATIONNAME = dse12345z;
				TargetAttributes = {
					7EBA36911ED419910063B852 = {
						CreatedOnToolsVersion = 8.3.2;
						DevelopmentTeam = 9DX345QG47;
						ProvisioningStyle = Automatic;
					};
					7EBA36AA1ED419910063B852 = {
						CreatedOnToolsVersion = 8.3.2;
						DevelopmentTeam = 9DX345QG47;
						ProvisioningStyle = Automatic;
						TestTargetID = 7EBA36911ED419910063B852;
					};
					7EBA36B51ED419910063B852 = {
						CreatedOnToolsVersion = 8.3.2;
						DevelopmentTeam = 9DX345QG47;
						ProvisioningStyle = Automatic;
						TestTargetID = 7EBA36911ED419910063B852;
					};
				};
			};
			buildConfigurationList = 7EBA368D1ED419910063B852 /* Build configuration list for PBXProject "GTLCalendar" */;
			compatibilityVersion = "Xcode 3.2";
			developmentRegion = English;
			hasScannedForEncodings = 0;
			knownRegions = (
				English,
				en,
				Base,
			);
			mainGroup = 7EBA36891ED419910063B852;
			productRefGroup = 7EBA36931ED419910063B852 /* Products */;
			projectDirPath = "";
			projectRoot = "";
			targets = (
				7EBA36911ED419910063B852 /* GTLCalendar */,
				7EBA36AA1ED419910063B852 /* GTLCalendarTests */,
				7EBA36B51ED419910063B852 /* GTLCalendarUITests */,
			);
		};
/* End PBXProject section */

/* Begin PBXResourcesBuildPhase section */
		7EBA36901ED419910063B852 /* Resources */ = {
			isa = PBXResourcesBuildPhase;
			buildActionMask = 2147483647;
			files = (
				7ED5299B1ED53CEE009B0D91 /* GTLCalendarHeaderReusableView.xib in Resources */,
				7EBA36A51ED419910063B852 /* LaunchScreen.storyboard in Resources */,
				7ED529951ED539D0009B0D91 /* GTLCalendarCell.xib in Resources */,
				7EBA36CD1ED419CB0063B852 /* ViewController.xib in Resources */,
				7EBA36A21ED419910063B852 /* Assets.xcassets in Resources */,
			);
			runOnlyForDeploymentPostprocessing = 0;
		};
		7EBA36A91ED419910063B852 /* Resources */ = {
			isa = PBXResourcesBuildPhase;
			buildActionMask = 2147483647;
			files = (
			);
			runOnlyForDeploymentPostprocessing = 0;
		};
		7EBA36B41ED419910063B852 /* Resources */ = {
			isa = PBXResourcesBuildPhase;
			buildActionMask = 2147483647;
			files = (
			);
			runOnlyForDeploymentPostprocessing = 0;
		};
/* End PBXResourcesBuildPhase section */

/* Begin PBXSourcesBuildPhase section */
		7EBA368E1ED419910063B852 /* Sources */ = {
			isa = PBXSourcesBuildPhase;
			buildActionMask = 2147483647;
			files = (
				7ED529A61ED74CE9009B0D91 /* GTLGradientView.m in Sources */,
				7EBA36CC1ED419CB0063B852 /* ViewController.m in Sources */,
				7ED5299A1ED53CEE009B0D91 /* GTLCalendarHeaderReusableView.m in Sources */,
				7EBA36DF1ED435670063B852 /* GTLCalendarCollectionViewFlowLayout.m in Sources */,
				7EBA36D11ED41B570063B852 /* GTLCalendarView.m in Sources */,
				7EBA369A1ED419910063B852 /* AppDelegate.m in Sources */,
				7EBA36971ED419910063B852 /* main.m in Sources */,
				7ED529A21ED596B6009B0D91 /* NSCalendar+GTLCategory.m in Sources */,
				7ED529941ED539D0009B0D91 /* GTLCalendarCell.m in Sources */,
			);
			runOnlyForDeploymentPostprocessing = 0;
		};
		7EBA36A71ED419910063B852 /* Sources */ = {
			isa = PBXSourcesBuildPhase;
			buildActionMask = 2147483647;
			files = (
				7EBA36B01ED419910063B852 /* GTLCalendarTests.m in Sources */,
			);
			runOnlyForDeploymentPostprocessing = 0;
		};
		7EBA36B21ED419910063B852 /* Sources */ = {
			isa = PBXSourcesBuildPhase;
			buildActionMask = 2147483647;
			files = (
				7EBA36BB1ED419910063B852 /* GTLCalendarUITests.m in Sources */,
			);
			runOnlyForDeploymentPostprocessing = 0;
		};
/* End PBXSourcesBuildPhase section */

/* Begin PBXTargetDependency section */
		7EBA36AD1ED419910063B852 /* PBXTargetDependency */ = {
			isa = PBXTargetDependency;
			target = 7EBA36911ED419910063B852 /* GTLCalendar */;
			targetProxy = 7EBA36AC1ED419910063B852 /* PBXContainerItemProxy */;
		};
		7EBA36B81ED419910063B852 /* PBXTargetDependency */ = {
			isa = PBXTargetDependency;
			target = 7EBA36911ED419910063B852 /* GTLCalendar */;
			targetProxy = 7EBA36B71ED419910063B852 /* PBXContainerItemProxy */;
		};
/* End PBXTargetDependency section */

/* Begin PBXVariantGroup section */
		7EBA36A31ED419910063B852 /* LaunchScreen.storyboard */ = {
			isa = PBXVariantGroup;
			children = (
				7EBA36A41ED419910063B852 /* Base */,
			);
			name = LaunchScreen.storyboard;
			sourceTree = "<group>";
		};
/* End PBXVariantGroup section */

/* Begin XCBuildConfiguration section */
		7EBA36BD1ED419910063B852 /* Debug */ = {
			isa = XCBuildConfiguration;
			buildSettings = {
				ALWAYS_SEARCH_USER_PATHS = NO;
				CLANG_ANALYZER_NONNULL = YES;
				CLANG_ANALYZER_NUMBER_OBJECT_CONVERSION = YES_AGGRESSIVE;
				CLANG_CXX_LANGUAGE_STANDARD = "gnu++0x";
				CLANG_CXX_LIBRARY = "libc++";
				CLANG_ENABLE_MODULES = YES;
				CLANG_ENABLE_OBJC_ARC = YES;
				CLANG_WARN_BOOL_CONVERSION = YES;
				CLANG_WARN_CONSTANT_CONVERSION = YES;
				CLANG_WARN_DIRECT_OBJC_ISA_USAGE = YES_ERROR;
				CLANG_WARN_DOCUMENTATION_COMMENTS = YES;
				CLANG_WARN_EMPTY_BODY = YES;
				CLANG_WARN_ENUM_CONVERSION = YES;
				CLANG_WARN_INFINITE_RECURSION = YES;
				CLANG_WARN_INT_CONVERSION = YES;
				CLANG_WARN_OBJC_ROOT_CLASS = YES_ERROR;
				CLANG_WARN_SUSPICIOUS_MOVE = YES;
				CLANG_WARN_UNREACHABLE_CODE = YES;
				CLANG_WARN__DUPLICATE_METHOD_MATCH = YES;
				"CODE_SIGN_IDENTITY[sdk=iphoneos*]" = "iPhone Developer";
				COPY_PHASE_STRIP = NO;
				DEBUG_INFORMATION_FORMAT = dwarf;
				ENABLE_STRICT_OBJC_MSGSEND = YES;
				ENABLE_TESTABILITY = YES;
				GCC_C_LANGUAGE_STANDARD = gnu99;
				GCC_DYNAMIC_NO_PIC = NO;
				GCC_NO_COMMON_BLOCKS = YES;
				GCC_OPTIMIZATION_LEVEL = 0;
				GCC_PREPROCESSOR_DEFINITIONS = (
					"DEBUG=1",
					"$(inherited)",
				);
				GCC_WARN_64_TO_32_BIT_CONVERSION = YES;
				GCC_WARN_ABOUT_RETURN_TYPE = YES_ERROR;
				GCC_WARN_UNDECLARED_SELECTOR = YES;
				GCC_WARN_UNINITIALIZED_AUTOS = YES_AGGRESSIVE;
				GCC_WARN_UNUSED_FUNCTION = YES;
				GCC_WARN_UNUSED_VARIABLE = YES;
				IPHONEOS_DEPLOYMENT_TARGET = 10.3;
				MTL_ENABLE_DEBUG_INFO = YES;
				ONLY_ACTIVE_ARCH = YES;
				SDKROOT = iphoneos;
			};
			name = Debug;
		};
		7EBA36BE1ED419910063B852 /* Release */ = {
			isa = XCBuildConfiguration;
			buildSettings = {
				ALWAYS_SEARCH_USER_PATHS = NO;
				CLANG_ANALYZER_NONNULL = YES;
				CLANG_ANALYZER_NUMBER_OBJECT_CONVERSION = YES_AGGRESSIVE;
				CLANG_CXX_LANGUAGE_STANDARD = "gnu++0x";
				CLANG_CXX_LIBRARY = "libc++";
				CLANG_ENABLE_MODULES = YES;
				CLANG_ENABLE_OBJC_ARC = YES;
				CLANG_WARN_BOOL_CONVERSION = YES;
				CLANG_WARN_CONSTANT_CONVERSION = YES;
				CLANG_WARN_DIRECT_OBJC_ISA_USAGE = YES_ERROR;
				CLANG_WARN_DOCUMENTATION_COMMENTS = YES;
				CLANG_WARN_EMPTY_BODY = YES;
				CLANG_WARN_ENUM_CONVERSION = YES;
				CLANG_WARN_INFINITE_RECURSION = YES;
				CLANG_WARN_INT_CONVERSION = YES;
				CLANG_WARN_OBJC_ROOT_CLASS = YES_ERROR;
				CLANG_WARN_SUSPICIOUS_MOVE = YES;
				CLANG_WARN_UNREACHABLE_CODE = YES;
				CLANG_WARN__DUPLICATE_METHOD_MATCH = YES;
				"CODE_SIGN_IDENTITY[sdk=iphoneos*]" = "iPhone Developer";
				COPY_PHASE_STRIP = NO;
				DEBUG_INFORMATION_FORMAT = "dwarf-with-dsym";
				ENABLE_NS_ASSERTIONS = NO;
				ENABLE_STRICT_OBJC_MSGSEND = YES;
				GCC_C_LANGUAGE_STANDARD = gnu99;
				GCC_NO_COMMON_BLOCKS = YES;
				GCC_WARN_64_TO_32_BIT_CONVERSION = YES;
				GCC_WARN_ABOUT_RETURN_TYPE = YES_ERROR;
				GCC_WARN_UNDECLARED_SELECTOR = YES;
				GCC_WARN_UNINITIALIZED_AUTOS = YES_AGGRESSIVE;
				GCC_WARN_UNUSED_FUNCTION = YES;
				GCC_WARN_UNUSED_VARIABLE = YES;
				IPHONEOS_DEPLOYMENT_TARGET = 10.3;
				MTL_ENABLE_DEBUG_INFO = NO;
				SDKROOT = iphoneos;
				VALIDATE_PRODUCT = YES;
			};
			name = Release;
		};
		7EBA36C01ED419910063B852 /* Debug */ = {
			isa = XCBuildConfiguration;
			buildSettings = {
				ASSETCATALOG_COMPILER_APPICON_NAME = AppIcon;
				DEVELOPMENT_TEAM = 9DX345QG47;
				DOCC_HOSTING_BASE_PATH = GTLCalendar;
				INFOPLIST_FILE = GTLCalendar/Info.plist;
				LD_RUNPATH_SEARCH_PATHS = "$(inherited) @executable_path/Frameworks";
				PRODUCT_BUNDLE_IDENTIFIER = tw.tyche.GTLCalendar;
				PRODUCT_NAME = "$(TARGET_NAME)";
			};
			name = Debug;
		};
		7EBA36C11ED419910063B852 /* Release */ = {
			isa = XCBuildConfiguration;
			buildSettings = {
				ASSETCATALOG_COMPILER_APPICON_NAME = AppIcon;
				DEVELOPMENT_TEAM = 9DX345QG47;
				DOCC_HOSTING_BASE_PATH = GTLCalendar;
				INFOPLIST_FILE = GTLCalendar/Info.plist;
				LD_RUNPATH_SEARCH_PATHS = "$(inherited) @executable_path/Frameworks";
				PRODUCT_BUNDLE_IDENTIFIER = tw.tyche.GTLCalendar;
				PRODUCT_NAME = "$(TARGET_NAME)";
			};
			name = Release;
		};
		7EBA36C31ED419910063B852 /* Debug */ = {
			isa = XCBuildConfiguration;
			buildSettings = {
				BUNDLE_LOADER = "$(TEST_HOST)";
				DEVELOPMENT_TEAM = 9DX345QG47;
				INFOPLIST_FILE = GTLCalendarTests/Info.plist;
				LD_RUNPATH_SEARCH_PATHS = "$(inherited) @executable_path/Frameworks @loader_path/Frameworks";
				PRODUCT_BUNDLE_IDENTIFIER = tw.tyche.GTLCalendarTests;
				PRODUCT_NAME = "$(TARGET_NAME)";
				TEST_HOST = "$(BUILT_PRODUCTS_DIR)/GTLCalendar.app/GTLCalendar";
			};
			name = Debug;
		};
		7EBA36C41ED419910063B852 /* Release */ = {
			isa = XCBuildConfiguration;
			buildSettings = {
				BUNDLE_LOADER = "$(TEST_HOST)";
				DEVELOPMENT_TEAM = 9DX345QG47;
				INFOPLIST_FILE = GTLCalendarTests/Info.plist;
				LD_RUNPATH_SEARCH_PATHS = "$(inherited) @executable_path/Frameworks @loader_path/Frameworks";
				PRODUCT_BUNDLE_IDENTIFIER = tw.tyche.GTLCalendarTests;
				PRODUCT_NAME = "$(TARGET_NAME)";
				TEST_HOST = "$(BUILT_PRODUCTS_DIR)/GTLCalendar.app/GTLCalendar";
			};
			name = Release;
		};
		7EBA36C61ED419910063B852 /* Debug */ = {
			isa = XCBuildConfiguration;
			buildSettings = {
				DEVELOPMENT_TEAM = 9DX345QG47;
				INFOPLIST_FILE = GTLCalendarUITests/Info.plist;
				LD_RUNPATH_SEARCH_PATHS = "$(inherited) @executable_path/Frameworks @loader_path/Frameworks";
				PRODUCT_BUNDLE_IDENTIFIER = tw.tyche.GTLCalendarUITests;
				PRODUCT_NAME = "$(TARGET_NAME)";
				TEST_TARGET_NAME = GTLCalendar;
			};
			name = Debug;
		};
		7EBA36C71ED419910063B852 /* Release */ = {
			isa = XCBuildConfiguration;
			buildSettings = {
				DEVELOPMENT_TEAM = 9DX345QG47;
				INFOPLIST_FILE = GTLCalendarUITests/Info.plist;
				LD_RUNPATH_SEARCH_PATHS = "$(inherited) @executable_path/Frameworks @loader_path/Frameworks";
				PRODUCT_BUNDLE_IDENTIFIER = tw.tyche.GTLCalendarUITests;
				PRODUCT_NAME = "$(TARGET_NAME)";
				TEST_TARGET_NAME = GTLCalendar;
			};
			name = Release;
		};
/* End XCBuildConfiguration section */

/* Begin XCConfigurationList section */
		7EBA368D1ED419910063B852 /* Build configuration list for PBXProject "GTLCalendar" */ = {
			isa = XCConfigurationList;
			buildConfigurations = (
				7EBA36BD1ED419910063B852 /* Debug */,
				7EBA36BE1ED419910063B852 /* Release */,
			);
			defaultConfigurationIsVisible = 0;
			defaultConfigurationName = Release;
		};
		7EBA36BF1ED419910063B852 /* Build configuration list for PBXNativeTarget "GTLCalendar" */ = {
			isa = XCConfigurationList;
			buildConfigurations = (
				7EBA36C01ED419910063B852 /* Debug */,
				7EBA36C11ED419910063B852 /* Release */,
			);
			defaultConfigurationIsVisible = 0;
			defaultConfigurationName = Release;
		};
		7EBA36C21ED419910063B852 /* Build configuration list for PBXNativeTarget "GTLCalendarTests" */ = {
			isa = XCConfigurationList;
			buildConfigurations = (
				7EBA36C31ED419910063B852 /* Debug */,
				7EBA36C41ED419910063B852 /* Release */,
			);
			defaultConfigurationIsVisible = 0;
			defaultConfigurationName = Release;
		};
		7EBA36C51ED419910063B852 /* Build configuration list for PBXNativeTarget "GTLCalendarUITests" */ = {
			isa = XCConfigurationList;
			buildConfigurations = (
				7EBA36C61ED419910063B852 /* Debug */,
				7EBA36C71ED419910063B852 /* Release */,
			);
			defaultConfigurationIsVisible = 0;
			defaultConfigurationName = Release;
		};
/* End XCConfigurationList section */
	};
	rootObject = 7EBA368A1ED419910063B852 /* Project object */;
}
